Microsoft Visual Studio Solution File, Format Version 12.00
# Visual Studio Version 17
VisualStudioVersion = 17.5.2.0
MinimumVisualStudioVersion = 10.0.40219.1
Project("{FAE04EC0-301F-11D3-BF4B-00C04F79EFBC}") = "IndependentWork19", "IndependentWork19\IndependentWork19.csproj", "{07C1FDC8-E14D-FD37-C948-488603C62802}"
EndProject
Global
	GlobalSection(SolutionConfigurationPlatforms) = preSolution
		Debug|Any CPU = Debug|Any CPU
		Release|Any CPU = Release|Any CPU
	EndGlobalSection
	GlobalSection(ProjectConfigurationPlatforms) = postSolution
		{07C1FDC8-E14D-FD37-C948-488603C62802}.Debug|Any CPU.ActiveCfg = Debug|Any CPU
		{07C1FDC8-E14D-FD37-C948-488603C62802}.Debug|Any CPU.Build.0 = Debug|Any CPU
		{07C1FDC8-E14D-FD37-C948-488603C62802}.Release|Any CPU.ActiveCfg = Release|Any CPU
		{07C1FDC8-E14D-FD37-C948-488603C62802}.Release|Any CPU.Build.0 = Release|Any CPU
	EndGlobalSection
	GlobalSection(SolutionProperties) = preSolution
		HideSolutionNode = FALSE
	EndGlobalSection
	GlobalSection(ExtensibilityGlobals) = postSolution
		SolutionGuid = {8B2711FF-98F5-48A6-9F25-A7C9E1C640A9}
	EndGlobalSection
EndGlobal
